
Microsoft Visual Studio Solution File, Format Version 12.00
# Visual Studio Version 17
VisualStudioVersion = 17.0.32126.317
MinimumVisualStudioVersion = 10.0.40219.1
Project("{888888A0-9F3D-457C-B088-3A5042F75D52}") = "14 февраля лайт", "14 февраля лайт\14 февраля лайт.pyproj", "{1EBC146A-B9AD-4015-879D-5DC70D55BB1C}"
EndProject
Global
	GlobalSection(SolutionConfigurationPlatforms) = preSolution
		Debug|Any CPU = Debug|Any CPU
		Release|Any CPU = Release|Any CPU
	EndGlobalSection
	GlobalSection(ProjectConfigurationPlatforms) = postSolution
		{1EBC146A-B9AD-4015-879D-5DC70D55BB1C}.Debug|Any CPU.ActiveCfg = Debug|Any CPU
		{1EBC146A-B9AD-4015-879D-5DC70D55BB1C}.Release|Any CPU.ActiveCfg = Release|Any CPU
	EndGlobalSection
	GlobalSection(SolutionProperties) = preSolution
		HideSolutionNode = FALSE
	EndGlobalSection
	GlobalSection(ExtensibilityGlobals) = postSolution
		SolutionGuid = {8933A7E5-ECD0-4C34-B7C2-94C4DE3A8B17}
	EndGlobalSection
EndGlobal
