
Microsoft Visual Studio Solution File, Format Version 12.00
# Visual Studio Version 17
VisualStudioVersion = 17.0.32126.317
MinimumVisualStudioVersion = 10.0.40219.1
Project("{FAE04EC0-301F-11D3-BF4B-00C04F79EFBC}") = "ромка", "ромка\ромка.csproj", "{E4A56859-6B0B-4C27-8998-F0B3EF03B2B2}"
EndProject
Global
	GlobalSection(SolutionConfigurationPlatforms) = preSolution
		Debug|Any CPU = Debug|Any CPU
		Release|Any CPU = Release|Any CPU
	EndGlobalSection
	GlobalSection(ProjectConfigurationPlatforms) = postSolution
		{E4A56859-6B0B-4C27-8998-F0B3EF03B2B2}.Debug|Any CPU.ActiveCfg = Debug|Any CPU
		{E4A56859-6B0B-4C27-8998-F0B3EF03B2B2}.Debug|Any CPU.Build.0 = Debug|Any CPU
		{E4A56859-6B0B-4C27-8998-F0B3EF03B2B2}.Release|Any CPU.ActiveCfg = Release|Any CPU
		{E4A56859-6B0B-4C27-8998-F0B3EF03B2B2}.Release|Any CPU.Build.0 = Release|Any CPU
	EndGlobalSection
	GlobalSection(SolutionProperties) = preSolution
		HideSolutionNode = FALSE
	EndGlobalSection
	GlobalSection(ExtensibilityGlobals) = postSolution
		SolutionGuid = {44AA82FD-A652-4D4E-B0EC-331F150574E7}
	EndGlobalSection
EndGlobal
